
Microsoft Visual Studio Solution File, Format Version 12.00
# Visual Studio Version 17
VisualStudioVersion = 17.5.33627.172
MinimumVisualStudioVersion = 10.0.40219.1
Project("{FAE04EC0-301F-11D3-BF4B-00C04F79EFBC}") = "CalculatorWeight", "CalculatorWeight\CalculatorWeight.csproj", "{F82A3E44-99A9-450B-A2B8-767D87077627}"
EndProject
Global
	GlobalSection(SolutionConfigurationPlatforms) = preSolution
		Debug|Any CPU = Debug|Any CPU
		Release|Any CPU = Release|Any CPU
	EndGlobalSection
	GlobalSection(ProjectConfigurationPlatforms) = postSolution
		{F82A3E44-99A9-450B-A2B8-767D87077627}.Debug|Any CPU.ActiveCfg = Debug|Any CPU
		{F82A3E44-99A9-450B-A2B8-767D87077627}.Debug|Any CPU.Build.0 = Debug|Any CPU
		{F82A3E44-99A9-450B-A2B8-767D87077627}.Release|Any CPU.ActiveCfg = Release|Any CPU
		{F82A3E44-99A9-450B-A2B8-767D87077627}.Release|Any CPU.Build.0 = Release|Any CPU
	EndGlobalSection
	GlobalSection(SolutionProperties) = preSolution
		HideSolutionNode = FALSE
	EndGlobalSection
	GlobalSection(ExtensibilityGlobals) = postSolution
		SolutionGuid = {C2381BFC-4AD5-434E-94FB-5EED961DA33F}
	EndGlobalSection
EndGlobal
